// !$*UTF8*$!
{
	archiveVersion = 1;
	classes = {
	};
	objectVersion = 56;
	objects = {

/* Begin PBXBuildFile section */
		1BB05E4C29FD31AA00415E50 /* SubPass.swift in Sources */ = {isa = PBXBuildFile; fileRef = 1BB05E4B29FD31AA00415E50 /* SubPass.swift */; };
		1BB05E4E29FD378D00415E50 /* GBufferPass.swift in Sources */ = {isa = PBXBuildFile; fileRef = 1BB05E4D29FD378D00415E50 /* GBufferPass.swift */; };
		1BB05E5029FD461D00415E50 /* LightingPass.swift in Sources */ = {isa = PBXBuildFile; fileRef = 1BB05E4F29FD461D00415E50 /* LightingPass.swift */; };
		1BB05E5229FD480600415E50 /* SkyboxPass.swift in Sources */ = {isa = PBXBuildFile; fileRef = 1BB05E5129FD480600415E50 /* SkyboxPass.swift */; };
		1BB05E5429FD491900415E50 /* TerrainPass.swift in Sources */ = {isa = PBXBuildFile; fileRef = 1BB05E5329FD491900415E50 /* TerrainPass.swift */; };
		2305FB6329D169FA009AC3B9 /* Pawn.swift in Sources */ = {isa = PBXBuildFile; fileRef = 2305FB6229D169FA009AC3B9 /* Pawn.swift */; };
		2305FB6529D281FD009AC3B9 /* luoluo.obj in Resources */ = {isa = PBXBuildFile; fileRef = 2305FB6429D281FD009AC3B9 /* luoluo.obj */; };
		2305FB6729D28203009AC3B9 /* luoluo.mtl in Resources */ = {isa = PBXBuildFile; fileRef = 2305FB6629D28203009AC3B9 /* luoluo.mtl */; };
		2332285D29AA4A8900169858 /* PostProcessRenderPass.swift in Sources */ = {isa = PBXBuildFile; fileRef = 2332285C29AA4A8900169858 /* PostProcessRenderPass.swift */; };
		2332285F29AA4ADF00169858 /* PostProcess.metal in Sources */ = {isa = PBXBuildFile; fileRef = 2332285E29AA4ADF00169858 /* PostProcess.metal */; };
		2332286529AB112900169858 /* Skybox.swift in Sources */ = {isa = PBXBuildFile; fileRef = 2332286429AB112900169858 /* Skybox.swift */; };
		2332286729AB2B1E00169858 /* Skybox.metal in Sources */ = {isa = PBXBuildFile; fileRef = 2332286629AB2B1E00169858 /* Skybox.metal */; };
		2360151C299A80A300926ADB /* PoorEngineApp.swift in Sources */ = {isa = PBXBuildFile; fileRef = 2360151B299A80A300926ADB /* PoorEngineApp.swift */; };
		2360151E299A80A300926ADB /* MainView.swift in Sources */ = {isa = PBXBuildFile; fileRef = 2360151D299A80A300926ADB /* MainView.swift */; };
		23601520299A80A400926ADB /* Assets.xcassets in Resources */ = {isa = PBXBuildFile; fileRef = 2360151F299A80A400926ADB /* Assets.xcassets */; };
		23601531299A839700926ADB /* SceneView.swift in Sources */ = {isa = PBXBuildFile; fileRef = 23601530299A839700926ADB /* SceneView.swift */; };
		23601533299A86D800926ADB /* InspectorView.swift in Sources */ = {isa = PBXBuildFile; fileRef = 23601532299A86D800926ADB /* InspectorView.swift */; };
		2360153E299A904D00926ADB /* RHI.swift in Sources */ = {isa = PBXBuildFile; fileRef = 2360153D299A904D00926ADB /* RHI.swift */; };
		23601540299A90FA00926ADB /* TiledDeferredRenderPass.swift in Sources */ = {isa = PBXBuildFile; fileRef = 2360153F299A90FA00926ADB /* TiledDeferredRenderPass.swift */; };
		23601542299A913200926ADB /* RenderPass.swift in Sources */ = {isa = PBXBuildFile; fileRef = 23601541299A913200926ADB /* RenderPass.swift */; };
		23601544299A932000926ADB /* MathLibrary.swift in Sources */ = {isa = PBXBuildFile; fileRef = 23601543299A932000926ADB /* MathLibrary.swift */; };
		23601546299A942700926ADB /* Transform.swift in Sources */ = {isa = PBXBuildFile; fileRef = 23601545299A942700926ADB /* Transform.swift */; };
		23601548299A946700926ADB /* Submesh.swift in Sources */ = {isa = PBXBuildFile; fileRef = 23601547299A946700926ADB /* Submesh.swift */; };
		2360154A299A94BE00926ADB /* TextureController.swift in Sources */ = {isa = PBXBuildFile; fileRef = 23601549299A94BE00926ADB /* TextureController.swift */; };
		2360154C299A94E800926ADB /* Mesh.swift in Sources */ = {isa = PBXBuildFile; fileRef = 2360154B299A94E800926ADB /* Mesh.swift */; };
		2360154E299A94FC00926ADB /* Model.swift in Sources */ = {isa = PBXBuildFile; fileRef = 2360154D299A94FC00926ADB /* Model.swift */; };
		23601550299A958600926ADB /* VertexDescriptor.swift in Sources */ = {isa = PBXBuildFile; fileRef = 2360154F299A958600926ADB /* VertexDescriptor.swift */; };
		23601552299A95E300926ADB /* Renderer.swift in Sources */ = {isa = PBXBuildFile; fileRef = 23601551299A95E300926ADB /* Renderer.swift */; };
		23601554299A960600926ADB /* InputController.swift in Sources */ = {isa = PBXBuildFile; fileRef = 23601553299A960600926ADB /* InputController.swift */; };
		23601556299A962400926ADB /* Movement.swift in Sources */ = {isa = PBXBuildFile; fileRef = 23601555299A962400926ADB /* Movement.swift */; };
		23601558299A966000926ADB /* GameScene.swift in Sources */ = {isa = PBXBuildFile; fileRef = 23601557299A966000926ADB /* GameScene.swift */; };
		2360155B299A96DA00926ADB /* Camera.swift in Sources */ = {isa = PBXBuildFile; fileRef = 2360155A299A96DA00926ADB /* Camera.swift */; };
		2360155D299A96F600926ADB /* PlayerCamera.swift in Sources */ = {isa = PBXBuildFile; fileRef = 2360155C299A96F600926ADB /* PlayerCamera.swift */; };
		23601560299A972400926ADB /* Lights.swift in Sources */ = {isa = PBXBuildFile; fileRef = 2360155F299A972400926ADB /* Lights.swift */; };
		23601562299A974900926ADB /* ShadowCamera.swift in Sources */ = {isa = PBXBuildFile; fileRef = 23601561299A974900926ADB /* ShadowCamera.swift */; };
		23601564299A97FA00926ADB /* Pipelines.swift in Sources */ = {isa = PBXBuildFile; fileRef = 23601563299A97FA00926ADB /* Pipelines.swift */; };
		23601568299A99E900926ADB /* Options.swift in Sources */ = {isa = PBXBuildFile; fileRef = 23601567299A99E900926ADB /* Options.swift */; };
		2360156A299A9AF000926ADB /* ShadowRenderPass.swift in Sources */ = {isa = PBXBuildFile; fileRef = 23601569299A9AF000926ADB /* ShadowRenderPass.swift */; };
		2360156F299A9BB300926ADB /* Lighting.metal in Sources */ = {isa = PBXBuildFile; fileRef = 2360156E299A9BB300926ADB /* Lighting.metal */; };
		23601571299A9BCF00926ADB /* Sample.metal in Sources */ = {isa = PBXBuildFile; fileRef = 23601570299A9BCF00926ADB /* Sample.metal */; };
		23601573299A9C0D00926ADB /* Shadow.metal in Sources */ = {isa = PBXBuildFile; fileRef = 23601572299A9C0D00926ADB /* Shadow.metal */; };
		23601575299A9CB100926ADB /* Deferred.metal in Sources */ = {isa = PBXBuildFile; fileRef = 23601574299A9CB100926ADB /* Deferred.metal */; };
		2360157C299AA25800926ADB /* large_plane.obj in Resources */ = {isa = PBXBuildFile; fileRef = 2360157B299AA25800926ADB /* large_plane.obj */; };
		2360157E299AA26500926ADB /* sun_sphere.obj in Resources */ = {isa = PBXBuildFile; fileRef = 2360157D299AA26500926ADB /* sun_sphere.obj */; };
		23601580299AA37C00926ADB /* icosphere.obj in Resources */ = {isa = PBXBuildFile; fileRef = 2360157F299AA37C00926ADB /* icosphere.obj */; };
		23601588299AA65B00926ADB /* sun_sphere.mtl in Resources */ = {isa = PBXBuildFile; fileRef = 23601583299AA65B00926ADB /* sun_sphere.mtl */; };
		23601589299AA65B00926ADB /* icosphere.mtl in Resources */ = {isa = PBXBuildFile; fileRef = 23601584299AA65B00926ADB /* icosphere.mtl */; };
		2360158A299AA65B00926ADB /* large_plane.mtl in Resources */ = {isa = PBXBuildFile; fileRef = 23601585299AA65B00926ADB /* large_plane.mtl */; };
		2360158E299B1A3A00926ADB /* ContentView.swift in Sources */ = {isa = PBXBuildFile; fileRef = 2360158D299B1A3A00926ADB /* ContentView.swift */; };
		23601596299B4D7500926ADB /* GameObject.swift in Sources */ = {isa = PBXBuildFile; fileRef = 23601595299B4D7500926ADB /* GameObject.swift */; };
		2360159A299B570200926ADB /* CullingResult.swift in Sources */ = {isa = PBXBuildFile; fileRef = 23601599299B570200926ADB /* CullingResult.swift */; };
		236015A8299BBA9600926ADB /* shaderBall.mtl in Resources */ = {isa = PBXBuildFile; fileRef = 236015A7299BBA9600926ADB /* shaderBall.mtl */; };
		236015AC299BE57F00926ADB /* shaderBall.obj in Resources */ = {isa = PBXBuildFile; fileRef = 236015AB299BE57F00926ADB /* shaderBall.obj */; };
		23A36B5E29A3A3680028E92E /* ShaderType.metal in Sources */ = {isa = PBXBuildFile; fileRef = 23A36B5D29A3A3680028E92E /* ShaderType.metal */; };
		23A36B6329A5CF830028E92E /* TerrainQuad.swift in Sources */ = {isa = PBXBuildFile; fileRef = 23A36B6229A5CF830028E92E /* TerrainQuad.swift */; };
		23A36B6529A5F6280028E92E /* Terrain.metal in Sources */ = {isa = PBXBuildFile; fileRef = 23A36B6429A5F6280028E92E /* Terrain.metal */; };
		23A36B6929A656760028E92E /* TessellationComputePass.swift in Sources */ = {isa = PBXBuildFile; fileRef = 23A36B6829A656760028E92E /* TessellationComputePass.swift */; };
		23A36B6C29A65C5C0028E92E /* Tessellation.metal in Sources */ = {isa = PBXBuildFile; fileRef = 23A36B6B29A65C5C0028E92E /* Tessellation.metal */; };
		23A36B6E29A727920028E92E /* DrawModel.swift in Sources */ = {isa = PBXBuildFile; fileRef = 23A36B6D29A727920028E92E /* DrawModel.swift */; };
		23A36B7129A7C06E0028E92E /* SceneJsonDecoder.swift in Sources */ = {isa = PBXBuildFile; fileRef = 23A36B7029A7C06E0028E92E /* SceneJsonDecoder.swift */; };
		23A36B7329A7C5F80028E92E /* BallScene.json in Resources */ = {isa = PBXBuildFile; fileRef = 23A36B7229A7C5F80028E92E /* BallScene.json */; };
/* End PBXBuildFile section */

/* Begin PBXFileReference section */
		1BB05E4B29FD31AA00415E50 /* SubPass.swift */ = {isa = PBXFileReference; lastKnownFileType = sourcecode.swift; path = SubPass.swift; sourceTree = "<group>"; };
		1BB05E4D29FD378D00415E50 /* GBufferPass.swift */ = {isa = PBXFileReference; lastKnownFileType = sourcecode.swift; path = GBufferPass.swift; sourceTree = "<group>"; };
		1BB05E4F29FD461D00415E50 /* LightingPass.swift */ = {isa = PBXFileReference; lastKnownFileType = sourcecode.swift; path = LightingPass.swift; sourceTree = "<group>"; };
		1BB05E5129FD480600415E50 /* SkyboxPass.swift */ = {isa = PBXFileReference; lastKnownFileType = sourcecode.swift; path = SkyboxPass.swift; sourceTree = "<group>"; };
		1BB05E5329FD491900415E50 /* TerrainPass.swift */ = {isa = PBXFileReference; lastKnownFileType = sourcecode.swift; path = TerrainPass.swift; sourceTree = "<group>"; };
		2305FB6229D169FA009AC3B9 /* Pawn.swift */ = {isa = PBXFileReference; lastKnownFileType = sourcecode.swift; path = Pawn.swift; sourceTree = "<group>"; };
		2305FB6429D281FD009AC3B9 /* luoluo.obj */ = {isa = PBXFileReference; fileEncoding = 4; lastKnownFileType = text; path = luoluo.obj; sourceTree = "<group>"; };
		2305FB6629D28203009AC3B9 /* luoluo.mtl */ = {isa = PBXFileReference; fileEncoding = 4; lastKnownFileType = text; path = luoluo.mtl; sourceTree = "<group>"; };
		2332285C29AA4A8900169858 /* PostProcessRenderPass.swift */ = {isa = PBXFileReference; lastKnownFileType = sourcecode.swift; path = PostProcessRenderPass.swift; sourceTree = "<group>"; };
		2332285E29AA4ADF00169858 /* PostProcess.metal */ = {isa = PBXFileReference; lastKnownFileType = sourcecode.metal; path = PostProcess.metal; sourceTree = "<group>"; };
		2332286429AB112900169858 /* Skybox.swift */ = {isa = PBXFileReference; lastKnownFileType = sourcecode.swift; path = Skybox.swift; sourceTree = "<group>"; };
		2332286629AB2B1E00169858 /* Skybox.metal */ = {isa = PBXFileReference; lastKnownFileType = sourcecode.metal; path = Skybox.metal; sourceTree = "<group>"; };
		23601518299A80A300926ADB /* PoorEngine.app */ = {isa = PBXFileReference; explicitFileType = wrapper.application; includeInIndex = 0; path = PoorEngine.app; sourceTree = BUILT_PRODUCTS_DIR; };
		2360151B299A80A300926ADB /* PoorEngineApp.swift */ = {isa = PBXFileReference; lastKnownFileType = sourcecode.swift; path = PoorEngineApp.swift; sourceTree = "<group>"; };
		2360151D299A80A300926ADB /* MainView.swift */ = {isa = PBXFileReference; lastKnownFileType = sourcecode.swift; path = MainView.swift; sourceTree = "<group>"; };
		2360151F299A80A400926ADB /* Assets.xcassets */ = {isa = PBXFileReference; lastKnownFileType = folder.assetcatalog; path = Assets.xcassets; sourceTree = "<group>"; };
		23601524299A80A400926ADB /* PoorEngine.entitlements */ = {isa = PBXFileReference; lastKnownFileType = text.plist.entitlements; path = PoorEngine.entitlements; sourceTree = "<group>"; };
		23601530299A839700926ADB /* SceneView.swift */ = {isa = PBXFileReference; lastKnownFileType = sourcecode.swift; path = SceneView.swift; sourceTree = "<group>"; };
		23601532299A86D800926ADB /* InspectorView.swift */ = {isa = PBXFileReference; lastKnownFileType = sourcecode.swift; path = InspectorView.swift; sourceTree = "<group>"; };
		2360153D299A904D00926ADB /* RHI.swift */ = {isa = PBXFileReference; lastKnownFileType = sourcecode.swift; path = RHI.swift; sourceTree = "<group>"; };
		2360153F299A90FA00926ADB /* TiledDeferredRenderPass.swift */ = {isa = PBXFileReference; lastKnownFileType = sourcecode.swift; path = TiledDeferredRenderPass.swift; sourceTree = "<group>"; };
		23601541299A913200926ADB /* RenderPass.swift */ = {isa = PBXFileReference; lastKnownFileType = sourcecode.swift; path = RenderPass.swift; sourceTree = "<group>"; };
		23601543299A932000926ADB /* MathLibrary.swift */ = {isa = PBXFileReference; lastKnownFileType = sourcecode.swift; path = MathLibrary.swift; sourceTree = "<group>"; };
		23601545299A942700926ADB /* Transform.swift */ = {isa = PBXFileReference; lastKnownFileType = sourcecode.swift; path = Transform.swift; sourceTree = "<group>"; };
		23601547299A946700926ADB /* Submesh.swift */ = {isa = PBXFileReference; lastKnownFileType = sourcecode.swift; path = Submesh.swift; sourceTree = "<group>"; };
		23601549299A94BE00926ADB /* TextureController.swift */ = {isa = PBXFileReference; lastKnownFileType = sourcecode.swift; path = TextureController.swift; sourceTree = "<group>"; };
		2360154B299A94E800926ADB /* Mesh.swift */ = {isa = PBXFileReference; lastKnownFileType = sourcecode.swift; path = Mesh.swift; sourceTree = "<group>"; };
		2360154D299A94FC00926ADB /* Model.swift */ = {isa = PBXFileReference; lastKnownFileType = sourcecode.swift; path = Model.swift; sourceTree = "<group>"; };
		2360154F299A958600926ADB /* VertexDescriptor.swift */ = {isa = PBXFileReference; lastKnownFileType = sourcecode.swift; path = VertexDescriptor.swift; sourceTree = "<group>"; };
		23601551299A95E300926ADB /* Renderer.swift */ = {isa = PBXFileReference; lastKnownFileType = sourcecode.swift; path = Renderer.swift; sourceTree = "<group>"; };
		23601553299A960600926ADB /* InputController.swift */ = {isa = PBXFileReference; lastKnownFileType = sourcecode.swift; path = InputController.swift; sourceTree = "<group>"; };
		23601555299A962400926ADB /* Movement.swift */ = {isa = PBXFileReference; lastKnownFileType = sourcecode.swift; path = Movement.swift; sourceTree = "<group>"; };
		23601557299A966000926ADB /* GameScene.swift */ = {isa = PBXFileReference; lastKnownFileType = sourcecode.swift; path = GameScene.swift; sourceTree = "<group>"; };
		2360155A299A96DA00926ADB /* Camera.swift */ = {isa = PBXFileReference; lastKnownFileType = sourcecode.swift; path = Camera.swift; sourceTree = "<group>"; };
		2360155C299A96F600926ADB /* PlayerCamera.swift */ = {isa = PBXFileReference; lastKnownFileType = sourcecode.swift; path = PlayerCamera.swift; sourceTree = "<group>"; };
		2360155F299A972400926ADB /* Lights.swift */ = {isa = PBXFileReference; lastKnownFileType = sourcecode.swift; path = Lights.swift; sourceTree = "<group>"; };
		23601561299A974900926ADB /* ShadowCamera.swift */ = {isa = PBXFileReference; lastKnownFileType = sourcecode.swift; path = ShadowCamera.swift; sourceTree = "<group>"; };
		23601563299A97FA00926ADB /* Pipelines.swift */ = {isa = PBXFileReference; lastKnownFileType = sourcecode.swift; path = Pipelines.swift; sourceTree = "<group>"; };
		23601566299A986100926ADB /* Common.h */ = {isa = PBXFileReference; lastKnownFileType = sourcecode.c.h; path = Common.h; sourceTree = "<group>"; };
		23601567299A99E900926ADB /* Options.swift */ = {isa = PBXFileReference; lastKnownFileType = sourcecode.swift; path = Options.swift; sourceTree = "<group>"; };
		23601569299A9AF000926ADB /* ShadowRenderPass.swift */ = {isa = PBXFileReference; lastKnownFileType = sourcecode.swift; path = ShadowRenderPass.swift; sourceTree = "<group>"; };
		2360156B299A9B5A00926ADB /* CustomCore.h */ = {isa = PBXFileReference; lastKnownFileType = sourcecode.c.h; path = CustomCore.h; sourceTree = "<group>"; };
		2360156C299A9B7C00926ADB /* Lighting.h */ = {isa = PBXFileReference; lastKnownFileType = sourcecode.c.h; path = Lighting.h; sourceTree = "<group>"; };
		2360156D299A9B9200926ADB /* Sample.h */ = {isa = PBXFileReference; lastKnownFileType = sourcecode.c.h; path = Sample.h; sourceTree = "<group>"; };
		2360156E299A9BB300926ADB /* Lighting.metal */ = {isa = PBXFileReference; lastKnownFileType = sourcecode.metal; path = Lighting.metal; sourceTree = "<group>"; };
		23601570299A9BCF00926ADB /* Sample.metal */ = {isa = PBXFileReference; lastKnownFileType = sourcecode.metal; path = Sample.metal; sourceTree = "<group>"; };
		23601572299A9C0D00926ADB /* Shadow.metal */ = {isa = PBXFileReference; lastKnownFileType = sourcecode.metal; path = Shadow.metal; sourceTree = "<group>"; };
		23601574299A9CB100926ADB /* Deferred.metal */ = {isa = PBXFileReference; lastKnownFileType = sourcecode.metal; path = Deferred.metal; sourceTree = "<group>"; };
		2360157B299AA25800926ADB /* large_plane.obj */ = {isa = PBXFileReference; fileEncoding = 4; lastKnownFileType = text; path = large_plane.obj; sourceTree = "<group>"; };
		2360157D299AA26500926ADB /* sun_sphere.obj */ = {isa = PBXFileReference; fileEncoding = 4; lastKnownFileType = text; path = sun_sphere.obj; sourceTree = "<group>"; };
		2360157F299AA37C00926ADB /* icosphere.obj */ = {isa = PBXFileReference; fileEncoding = 4; lastKnownFileType = text; path = icosphere.obj; sourceTree = "<group>"; };
		23601583299AA65B00926ADB /* sun_sphere.mtl */ = {isa = PBXFileReference; fileEncoding = 4; lastKnownFileType = text; path = sun_sphere.mtl; sourceTree = "<group>"; };
		23601584299AA65B00926ADB /* icosphere.mtl */ = {isa = PBXFileReference; fileEncoding = 4; lastKnownFileType = text; path = icosphere.mtl; sourceTree = "<group>"; };
		23601585299AA65B00926ADB /* large_plane.mtl */ = {isa = PBXFileReference; fileEncoding = 4; lastKnownFileType = text; path = large_plane.mtl; sourceTree = "<group>"; };
		2360158D299B1A3A00926ADB /* ContentView.swift */ = {isa = PBXFileReference; lastKnownFileType = sourcecode.swift; path = ContentView.swift; sourceTree = "<group>"; };
		23601595299B4D7500926ADB /* GameObject.swift */ = {isa = PBXFileReference; lastKnownFileType = sourcecode.swift; path = GameObject.swift; sourceTree = "<group>"; };
		23601599299B570200926ADB /* CullingResult.swift */ = {isa = PBXFileReference; lastKnownFileType = sourcecode.swift; path = CullingResult.swift; sourceTree = "<group>"; };
		236015A7299BBA9600926ADB /* shaderBall.mtl */ = {isa = PBXFileReference; fileEncoding = 4; lastKnownFileType = text; path = shaderBall.mtl; sourceTree = "<group>"; };
		236015AB299BE57F00926ADB /* shaderBall.obj */ = {isa = PBXFileReference; fileEncoding = 4; lastKnownFileType = text; path = shaderBall.obj; sourceTree = "<group>"; };
		23A36B5A29A359640028E92E /* ShaderType.h */ = {isa = PBXFileReference; lastKnownFileType = sourcecode.c.h; path = ShaderType.h; sourceTree = "<group>"; };
		23A36B5D29A3A3680028E92E /* ShaderType.metal */ = {isa = PBXFileReference; lastKnownFileType = sourcecode.metal; path = ShaderType.metal; sourceTree = "<group>"; };
		23A36B6229A5CF830028E92E /* TerrainQuad.swift */ = {isa = PBXFileReference; lastKnownFileType = sourcecode.swift; path = TerrainQuad.swift; sourceTree = "<group>"; };
		23A36B6429A5F6280028E92E /* Terrain.metal */ = {isa = PBXFileReference; lastKnownFileType = sourcecode.metal; path = Terrain.metal; sourceTree = "<group>"; };
		23A36B6829A656760028E92E /* TessellationComputePass.swift */ = {isa = PBXFileReference; lastKnownFileType = sourcecode.swift; path = TessellationComputePass.swift; sourceTree = "<group>"; };
		23A36B6B29A65C5C0028E92E /* Tessellation.metal */ = {isa = PBXFileReference; lastKnownFileType = sourcecode.metal; path = Tessellation.metal; sourceTree = "<group>"; };
		23A36B6D29A727920028E92E /* DrawModel.swift */ = {isa = PBXFileReference; lastKnownFileType = sourcecode.swift; path = DrawModel.swift; sourceTree = "<group>"; };
		23A36B7029A7C06E0028E92E /* SceneJsonDecoder.swift */ = {isa = PBXFileReference; lastKnownFileType = sourcecode.swift; path = SceneJsonDecoder.swift; sourceTree = "<group>"; };
		23A36B7229A7C5F80028E92E /* BallScene.json */ = {isa = PBXFileReference; lastKnownFileType = text.json; path = BallScene.json; sourceTree = "<group>"; };
/* End PBXFileReference section */

/* Begin PBXFrameworksBuildPhase section */
		23601515299A80A300926ADB /* Frameworks */ = {
			isa = PBXFrameworksBuildPhase;
			buildActionMask = 2147483647;
			files = (
			);
			runOnlyForDeploymentPostprocessing = 0;
		};
/* End PBXFrameworksBuildPhase section */

/* Begin PBXGroup section */
		1BB05E4A29FD318300415E50 /* SubPass */ = {
			isa = PBXGroup;
			children = (
				1BB05E4B29FD31AA00415E50 /* SubPass.swift */,
				1BB05E4D29FD378D00415E50 /* GBufferPass.swift */,
				1BB05E4F29FD461D00415E50 /* LightingPass.swift */,
				1BB05E5129FD480600415E50 /* SkyboxPass.swift */,
				1BB05E5329FD491900415E50 /* TerrainPass.swift */,
			);
			path = SubPass;
			sourceTree = "<group>";
		};
		2360150F299A80A300926ADB = {
			isa = PBXGroup;
			children = (
				2360151A299A80A300926ADB /* PoorEngine */,
				23601519299A80A300926ADB /* Products */,
			);
			sourceTree = "<group>";
		};
		23601519299A80A300926ADB /* Products */ = {
			isa = PBXGroup;
			children = (
				23601518299A80A300926ADB /* PoorEngine.app */,
			);
			name = Products;
			sourceTree = "<group>";
		};
		2360151A299A80A300926ADB /* PoorEngine */ = {
			isa = PBXGroup;
			children = (
				23601576299AA0FB00926ADB /* Project */,
				2360152D299A81AF00926ADB /* Plugins */,
				2360152B299A819900926ADB /* Shader */,
				2360152A299A818D00926ADB /* Source */,
				2360151F299A80A400926ADB /* Assets.xcassets */,
				23601524299A80A400926ADB /* PoorEngine.entitlements */,
			);
			path = PoorEngine;
			sourceTree = "<group>";
		};
		2360152A299A818D00926ADB /* Source */ = {
			isa = PBXGroup;
			children = (
				2360153B299A8A1700926ADB /* Core */,
				23601538299A899E00926ADB /* Framework */,
				23601537299A896A00926ADB /* Physics */,
				23601536299A895B00926ADB /* Input */,
				2360152E299A823100926ADB /* Application */,
				2360152F299A823A00926ADB /* Renderer */,
			);
			path = Source;
			sourceTree = "<group>";
		};
		2360152B299A819900926ADB /* Shader */ = {
			isa = PBXGroup;
			children = (
				23601565299A985600926ADB /* Include */,
				23601572299A9C0D00926ADB /* Shadow.metal */,
				23601574299A9CB100926ADB /* Deferred.metal */,
				23A36B6429A5F6280028E92E /* Terrain.metal */,
				23A36B6B29A65C5C0028E92E /* Tessellation.metal */,
				2332285E29AA4ADF00169858 /* PostProcess.metal */,
				2332286629AB2B1E00169858 /* Skybox.metal */,
			);
			path = Shader;
			sourceTree = "<group>";
		};
		2360152D299A81AF00926ADB /* Plugins */ = {
			isa = PBXGroup;
			children = (
			);
			path = Plugins;
			sourceTree = "<group>";
		};
		2360152E299A823100926ADB /* Application */ = {
			isa = PBXGroup;
			children = (
				2360151D299A80A300926ADB /* MainView.swift */,
				2360158D299B1A3A00926ADB /* ContentView.swift */,
				2360151B299A80A300926ADB /* PoorEngineApp.swift */,
				23601530299A839700926ADB /* SceneView.swift */,
				23601532299A86D800926ADB /* InspectorView.swift */,
				23601567299A99E900926ADB /* Options.swift */,
			);
			path = Application;
			sourceTree = "<group>";
		};
		2360152F299A823A00926ADB /* Renderer */ = {
			isa = PBXGroup;
			children = (
				23A36B6A29A656990028E92E /* ComputePass */,
				23601535299A891500926ADB /* RenderPass */,
				23601534299A890D00926ADB /* RHI */,
				2360154F299A958600926ADB /* VertexDescriptor.swift */,
				23601551299A95E300926ADB /* Renderer.swift */,
			);
			path = Renderer;
			sourceTree = "<group>";
		};
		23601534299A890D00926ADB /* RHI */ = {
			isa = PBXGroup;
			children = (
				23601563299A97FA00926ADB /* Pipelines.swift */,
				2360153D299A904D00926ADB /* RHI.swift */,
				23A36B6D29A727920028E92E /* DrawModel.swift */,
			);
			path = RHI;
			sourceTree = "<group>";
		};
		23601535299A891500926ADB /* RenderPass */ = {
			isa = PBXGroup;
			children = (
				1BB05E4A29FD318300415E50 /* SubPass */,
				2360153F299A90FA00926ADB /* TiledDeferredRenderPass.swift */,
				23601541299A913200926ADB /* RenderPass.swift */,
				23601569299A9AF000926ADB /* ShadowRenderPass.swift */,
				2332285C29AA4A8900169858 /* PostProcessRenderPass.swift */,
			);
			path = RenderPass;
			sourceTree = "<group>";
		};
		23601536299A895B00926ADB /* Input */ = {
			isa = PBXGroup;
			children = (
				23601553299A960600926ADB /* InputController.swift */,
			);
			path = Input;
			sourceTree = "<group>";
		};
		23601537299A896A00926ADB /* Physics */ = {
			isa = PBXGroup;
			children = (
			);
			path = Physics;
			sourceTree = "<group>";
		};
		23601538299A899E00926ADB /* Framework */ = {
			isa = PBXGroup;
			children = (
				2360159B299B693000926ADB /* Resource */,
				2360155E299A970B00926ADB /* Lights */,
				23601559299A96C300926ADB /* Camera */,
				2360153A299A89CF00926ADB /* Object */,
				23601539299A89C100926ADB /* Scene */,
				23601599299B570200926ADB /* CullingResult.swift */,
				23601555299A962400926ADB /* Movement.swift */,
			);
			path = Framework;
			sourceTree = "<group>";
		};
		23601539299A89C100926ADB /* Scene */ = {
			isa = PBXGroup;
			children = (
				23601557299A966000926ADB /* GameScene.swift */,
			);
			path = Scene;
			sourceTree = "<group>";
		};
		2360153A299A89CF00926ADB /* Object */ = {
			isa = PBXGroup;
			children = (
				23601545299A942700926ADB /* Transform.swift */,
				23601595299B4D7500926ADB /* GameObject.swift */,
				2305FB6229D169FA009AC3B9 /* Pawn.swift */,
			);
			path = Object;
			sourceTree = "<group>";
		};
		2360153B299A8A1700926ADB /* Core */ = {
			isa = PBXGroup;
			children = (
				23A36B6F29A7C0400028E92E /* Json */,
				2360153C299A8A2C00926ADB /* Math */,
			);
			path = Core;
			sourceTree = "<group>";
		};
		2360153C299A8A2C00926ADB /* Math */ = {
			isa = PBXGroup;
			children = (
				23601543299A932000926ADB /* MathLibrary.swift */,
			);
			path = Math;
			sourceTree = "<group>";
		};
		23601559299A96C300926ADB /* Camera */ = {
			isa = PBXGroup;
			children = (
				2360155A299A96DA00926ADB /* Camera.swift */,
				2360155C299A96F600926ADB /* PlayerCamera.swift */,
				23601561299A974900926ADB /* ShadowCamera.swift */,
			);
			path = Camera;
			sourceTree = "<group>";
		};
		2360155E299A970B00926ADB /* Lights */ = {
			isa = PBXGroup;
			children = (
				2360155F299A972400926ADB /* Lights.swift */,
			);
			path = Lights;
			sourceTree = "<group>";
		};
		23601565299A985600926ADB /* Include */ = {
			isa = PBXGroup;
			children = (
				23601566299A986100926ADB /* Common.h */,
				2360156B299A9B5A00926ADB /* CustomCore.h */,
				2360156C299A9B7C00926ADB /* Lighting.h */,
				2360156D299A9B9200926ADB /* Sample.h */,
				23A36B5A29A359640028E92E /* ShaderType.h */,
				2360156E299A9BB300926ADB /* Lighting.metal */,
				23601570299A9BCF00926ADB /* Sample.metal */,
				23A36B5D29A3A3680028E92E /* ShaderType.metal */,
			);
			path = Include;
			sourceTree = "<group>";
		};
		23601576299AA0FB00926ADB /* Project */ = {
			isa = PBXGroup;
			children = (
				23A36B7229A7C5F80028E92E /* BallScene.json */,
				23601584299AA65B00926ADB /* icosphere.mtl */,
				2360157F299AA37C00926ADB /* icosphere.obj */,
				23601585299AA65B00926ADB /* large_plane.mtl */,
				2360157B299AA25800926ADB /* large_plane.obj */,
				2305FB6629D28203009AC3B9 /* luoluo.mtl */,
				2305FB6429D281FD009AC3B9 /* luoluo.obj */,
				236015A7299BBA9600926ADB /* shaderBall.mtl */,
				236015AB299BE57F00926ADB /* shaderBall.obj */,
				23601583299AA65B00926ADB /* sun_sphere.mtl */,
				2360157D299AA26500926ADB /* sun_sphere.obj */,
			);
			path = Project;
			sourceTree = "<group>";
		};
		2360159B299B693000926ADB /* Resource */ = {
			isa = PBXGroup;
			children = (
				23601549299A94BE00926ADB /* TextureController.swift */,
				2360154D299A94FC00926ADB /* Model.swift */,
				23601547299A946700926ADB /* Submesh.swift */,
				2360154B299A94E800926ADB /* Mesh.swift */,
				23A36B6229A5CF830028E92E /* TerrainQuad.swift */,
				2332286429AB112900169858 /* Skybox.swift */,
			);
			path = Resource;
			sourceTree = "<group>";
		};
		23A36B6A29A656990028E92E /* ComputePass */ = {
			isa = PBXGroup;
			children = (
				23A36B6829A656760028E92E /* TessellationComputePass.swift */,
			);
			path = ComputePass;
			sourceTree = "<group>";
		};
		23A36B6F29A7C0400028E92E /* Json */ = {
			isa = PBXGroup;
			children = (
				23A36B7029A7C06E0028E92E /* SceneJsonDecoder.swift */,
			);
			path = Json;
			sourceTree = "<group>";
		};
/* End PBXGroup section */

/* Begin PBXNativeTarget section */
		23601517299A80A300926ADB /* PoorEngine */ = {
			isa = PBXNativeTarget;
			buildConfigurationList = 23601527299A80A400926ADB /* Build configuration list for PBXNativeTarget "PoorEngine" */;
			buildPhases = (
				23601514299A80A300926ADB /* Sources */,
				23601515299A80A300926ADB /* Frameworks */,
				23601516299A80A300926ADB /* Resources */,
			);
			buildRules = (
			);
			dependencies = (
			);
			name = PoorEngine;
			productName = PoorEngine;
			productReference = 23601518299A80A300926ADB /* PoorEngine.app */;
			productType = "com.apple.product-type.application";
		};
/* End PBXNativeTarget section */

/* Begin PBXProject section */
		23601510299A80A300926ADB /* Project object */ = {
			isa = PBXProject;
			attributes = {
				BuildIndependentTargetsInParallel = 1;
				LastSwiftUpdateCheck = 1420;
				LastUpgradeCheck = 1420;
				TargetAttributes = {
					23601517299A80A300926ADB = {
						CreatedOnToolsVersion = 14.2;
					};
				};
			};
			buildConfigurationList = 23601513299A80A300926ADB /* Build configuration list for PBXProject "PoorEngine" */;
			compatibilityVersion = "Xcode 14.0";
			developmentRegion = en;
			hasScannedForEncodings = 0;
			knownRegions = (
				en,
				Base,
			);
			mainGroup = 2360150F299A80A300926ADB;
			productRefGroup = 23601519299A80A300926ADB /* Products */;
			projectDirPath = "";
			projectRoot = "";
			targets = (
				23601517299A80A300926ADB /* PoorEngine */,
			);
		};
/* End PBXProject section */

/* Begin PBXResourcesBuildPhase section */
		23601516299A80A300926ADB /* Resources */ = {
			isa = PBXResourcesBuildPhase;
			buildActionMask = 2147483647;
			files = (
				23601580299AA37C00926ADB /* icosphere.obj in Resources */,
				236015AC299BE57F00926ADB /* shaderBall.obj in Resources */,
				23A36B7329A7C5F80028E92E /* BallScene.json in Resources */,
				2360158A299AA65B00926ADB /* large_plane.mtl in Resources */,
				23601588299AA65B00926ADB /* sun_sphere.mtl in Resources */,
				23601589299AA65B00926ADB /* icosphere.mtl in Resources */,
				2360157E299AA26500926ADB /* sun_sphere.obj in Resources */,
				2305FB6529D281FD009AC3B9 /* luoluo.obj in Resources */,
				236015A8299BBA9600926ADB /* shaderBall.mtl in Resources */,
				2305FB6729D28203009AC3B9 /* luoluo.mtl in Resources */,
				2360157C299AA25800926ADB /* large_plane.obj in Resources */,
				23601520299A80A400926ADB /* Assets.xcassets in Resources */,
			);
			runOnlyForDeploymentPostprocessing = 0;
		};
/* End PBXResourcesBuildPhase section */

/* Begin PBXSourcesBuildPhase section */
		23601514299A80A300926ADB /* Sources */ = {
			isa = PBXSourcesBuildPhase;
			buildActionMask = 2147483647;
			files = (
				23601550299A958600926ADB /* VertexDescriptor.swift in Sources */,
				2332285F29AA4ADF00169858 /* PostProcess.metal in Sources */,
				23601552299A95E300926ADB /* Renderer.swift in Sources */,
				23601575299A9CB100926ADB /* Deferred.metal in Sources */,
				23601533299A86D800926ADB /* InspectorView.swift in Sources */,
				23601573299A9C0D00926ADB /* Shadow.metal in Sources */,
				2360151E299A80A300926ADB /* MainView.swift in Sources */,
				23601568299A99E900926ADB /* Options.swift in Sources */,
				23A36B6929A656760028E92E /* TessellationComputePass.swift in Sources */,
				23601562299A974900926ADB /* ShadowCamera.swift in Sources */,
				23601554299A960600926ADB /* InputController.swift in Sources */,
				2332285D29AA4A8900169858 /* PostProcessRenderPass.swift in Sources */,
				2360154A299A94BE00926ADB /* TextureController.swift in Sources */,
				23A36B6529A5F6280028E92E /* Terrain.metal in Sources */,
				23601596299B4D7500926ADB /* GameObject.swift in Sources */,
				23A36B7129A7C06E0028E92E /* SceneJsonDecoder.swift in Sources */,
				2360159A299B570200926ADB /* CullingResult.swift in Sources */,
				23A36B5E29A3A3680028E92E /* ShaderType.metal in Sources */,
				23601540299A90FA00926ADB /* TiledDeferredRenderPass.swift in Sources */,
				2305FB6329D169FA009AC3B9 /* Pawn.swift in Sources */,
				1BB05E5029FD461D00415E50 /* LightingPass.swift in Sources */,
				2360158E299B1A3A00926ADB /* ContentView.swift in Sources */,
				23A36B6C29A65C5C0028E92E /* Tessellation.metal in Sources */,
				2360156A299A9AF000926ADB /* ShadowRenderPass.swift in Sources */,
				23601544299A932000926ADB /* MathLibrary.swift in Sources */,
				23601542299A913200926ADB /* RenderPass.swift in Sources */,
				2332286729AB2B1E00169858 /* Skybox.metal in Sources */,
				23601560299A972400926ADB /* Lights.swift in Sources */,
				1BB05E5429FD491900415E50 /* TerrainPass.swift in Sources */,
				2332286529AB112900169858 /* Skybox.swift in Sources */,
				2360154E299A94FC00926ADB /* Model.swift in Sources */,
				1BB05E4C29FD31AA00415E50 /* SubPass.swift in Sources */,
				2360154C299A94E800926ADB /* Mesh.swift in Sources */,
				2360155D299A96F600926ADB /* PlayerCamera.swift in Sources */,
				2360151C299A80A300926ADB /* PoorEngineApp.swift in Sources */,
				1BB05E5229FD480600415E50 /* SkyboxPass.swift in Sources */,
				23601571299A9BCF00926ADB /* Sample.metal in Sources */,
				2360155B299A96DA00926ADB /* Camera.swift in Sources */,
				23601558299A966000926ADB /* GameScene.swift in Sources */,
				23A36B6E29A727920028E92E /* DrawModel.swift in Sources */,
				23A36B6329A5CF830028E92E /* TerrainQuad.swift in Sources */,
				2360153E299A904D00926ADB /* RHI.swift in Sources */,
				23601564299A97FA00926ADB /* Pipelines.swift in Sources */,
				23601548299A946700926ADB /* Submesh.swift in Sources */,
				23601546299A942700926ADB /* Transform.swift in Sources */,
				1BB05E4E29FD378D00415E50 /* GBufferPass.swift in Sources */,
				2360156F299A9BB300926ADB /* Lighting.metal in Sources */,
				23601556299A962400926ADB /* Movement.swift in Sources */,
				23601531299A839700926ADB /* SceneView.swift in Sources */,
			);
			runOnlyForDeploymentPostprocessing = 0;
		};
/* End PBXSourcesBuildPhase section */

/* Begin XCBuildConfiguration section */
		23601525299A80A400926ADB /* Debug */ = {
			isa = XCBuildConfiguration;
			buildSettings = {
				ALWAYS_SEARCH_USER_PATHS = NO;
				CLANG_ANALYZER_NONNULL = YES;
				CLANG_ANALYZER_NUMBER_OBJECT_CONVERSION = YES_AGGRESSIVE;
				CLANG_CXX_LANGUAGE_STANDARD = "gnu++20";
				CLANG_ENABLE_MODULES = YES;
				CLANG_ENABLE_OBJC_ARC = YES;
				CLANG_ENABLE_OBJC_WEAK = YES;
				CLANG_WARN_BLOCK_CAPTURE_AUTORELEASING = YES;
				CLANG_WARN_BOOL_CONVERSION = YES;
				CLANG_WARN_COMMA = YES;
				CLANG_WARN_CONSTANT_CONVERSION = YES;
				CLANG_WARN_DEPRECATED_OBJC_IMPLEMENTATIONS = YES;
				CLANG_WARN_DIRECT_OBJC_ISA_USAGE = YES_ERROR;
				CLANG_WARN_DOCUMENTATION_COMMENTS = YES;
				CLANG_WARN_EMPTY_BODY = YES;
				CLANG_WARN_ENUM_CONVERSION = YES;
				CLANG_WARN_INFINITE_RECURSION = YES;
				CLANG_WARN_INT_CONVERSION = YES;
				CLANG_WARN_NON_LITERAL_NULL_CONVERSION = YES;
				CLANG_WARN_OBJC_IMPLICIT_RETAIN_SELF = YES;
				CLANG_WARN_OBJC_LITERAL_CONVERSION = YES;
				CLANG_WARN_OBJC_ROOT_CLASS = YES_ERROR;
				CLANG_WARN_QUOTED_INCLUDE_IN_FRAMEWORK_HEADER = YES;
				CLANG_WARN_RANGE_LOOP_ANALYSIS = YES;
				CLANG_WARN_STRICT_PROTOTYPES = YES;
				CLANG_WARN_SUSPICIOUS_MOVE = YES;
				CLANG_WARN_UNGUARDED_AVAILABILITY = YES_AGGRESSIVE;
				CLANG_WARN_UNREACHABLE_CODE = YES;
				CLANG_WARN__DUPLICATE_METHOD_MATCH = YES;
				COPY_PHASE_STRIP = NO;
				DEBUG_INFORMATION_FORMAT = dwarf;
				ENABLE_STRICT_OBJC_MSGSEND = YES;
				ENABLE_TESTABILITY = YES;
				GCC_C_LANGUAGE_STANDARD = gnu11;
				GCC_DYNAMIC_NO_PIC = NO;
				GCC_NO_COMMON_BLOCKS = YES;
				GCC_OPTIMIZATION_LEVEL = 0;
				GCC_PREPROCESSOR_DEFINITIONS = (
					"DEBUG=1",
					"$(inherited)",
				);
				GCC_WARN_64_TO_32_BIT_CONVERSION = YES;
				GCC_WARN_ABOUT_RETURN_TYPE = YES_ERROR;
				GCC_WARN_UNDECLARED_SELECTOR = YES;
				GCC_WARN_UNINITIALIZED_AUTOS = YES_AGGRESSIVE;
				GCC_WARN_UNUSED_FUNCTION = YES;
				GCC_WARN_UNUSED_VARIABLE = YES;
				MACOSX_DEPLOYMENT_TARGET = 13.1;
				MTL_ENABLE_DEBUG_INFO = INCLUDE_SOURCE;
				MTL_FAST_MATH = YES;
				ONLY_ACTIVE_ARCH = YES;
				SDKROOT = macosx;
				SWIFT_ACTIVE_COMPILATION_CONDITIONS = DEBUG;
				SWIFT_OPTIMIZATION_LEVEL = "-Onone";
			};
			name = Debug;
		};
		23601526299A80A400926ADB /* Release */ = {
			isa = XCBuildConfiguration;
			buildSettings = {
				ALWAYS_SEARCH_USER_PATHS = NO;
				CLANG_ANALYZER_NONNULL = YES;
				CLANG_ANALYZER_NUMBER_OBJECT_CONVERSION = YES_AGGRESSIVE;
				CLANG_CXX_LANGUAGE_STANDARD = "gnu++20";
				CLANG_ENABLE_MODULES = YES;
				CLANG_ENABLE_OBJC_ARC = YES;
				CLANG_ENABLE_OBJC_WEAK = YES;
				CLANG_WARN_BLOCK_CAPTURE_AUTORELEASING = YES;
				CLANG_WARN_BOOL_CONVERSION = YES;
				CLANG_WARN_COMMA = YES;
				CLANG_WARN_CONSTANT_CONVERSION = YES;
				CLANG_WARN_DEPRECATED_OBJC_IMPLEMENTATIONS = YES;
				CLANG_WARN_DIRECT_OBJC_ISA_USAGE = YES_ERROR;
				CLANG_WARN_DOCUMENTATION_COMMENTS = YES;
				CLANG_WARN_EMPTY_BODY = YES;
				CLANG_WARN_ENUM_CONVERSION = YES;
				CLANG_WARN_INFINITE_RECURSION = YES;
				CLANG_WARN_INT_CONVERSION = YES;
				CLANG_WARN_NON_LITERAL_NULL_CONVERSION = YES;
				CLANG_WARN_OBJC_IMPLICIT_RETAIN_SELF = YES;
				CLANG_WARN_OBJC_LITERAL_CONVERSION = YES;
				CLANG_WARN_OBJC_ROOT_CLASS = YES_ERROR;
				CLANG_WARN_QUOTED_INCLUDE_IN_FRAMEWORK_HEADER = YES;
				CLANG_WARN_RANGE_LOOP_ANALYSIS = YES;
				CLANG_WARN_STRICT_PROTOTYPES = YES;
				CLANG_WARN_SUSPICIOUS_MOVE = YES;
				CLANG_WARN_UNGUARDED_AVAILABILITY = YES_AGGRESSIVE;
				CLANG_WARN_UNREACHABLE_CODE = YES;
				CLANG_WARN__DUPLICATE_METHOD_MATCH = YES;
				COPY_PHASE_STRIP = NO;
				DEBUG_INFORMATION_FORMAT = "dwarf-with-dsym";
				ENABLE_NS_ASSERTIONS = NO;
				ENABLE_STRICT_OBJC_MSGSEND = YES;
				GCC_C_LANGUAGE_STANDARD = gnu11;
				GCC_NO_COMMON_BLOCKS = YES;
				GCC_WARN_64_TO_32_BIT_CONVERSION = YES;
				GCC_WARN_ABOUT_RETURN_TYPE = YES_ERROR;
				GCC_WARN_UNDECLARED_SELECTOR = YES;
				GCC_WARN_UNINITIALIZED_AUTOS = YES_AGGRESSIVE;
				GCC_WARN_UNUSED_FUNCTION = YES;
				GCC_WARN_UNUSED_VARIABLE = YES;
				MACOSX_DEPLOYMENT_TARGET = 13.1;
				MTL_ENABLE_DEBUG_INFO = NO;
				MTL_FAST_MATH = YES;
				SDKROOT = macosx;
				SWIFT_COMPILATION_MODE = wholemodule;
				SWIFT_OPTIMIZATION_LEVEL = "-O";
			};
			name = Release;
		};
		23601528299A80A400926ADB /* Debug */ = {
			isa = XCBuildConfiguration;
			buildSettings = {
				ASSETCATALOG_COMPILER_APPICON_NAME = AppIcon;
				ASSETCATALOG_COMPILER_GLOBAL_ACCENT_COLOR_NAME = AccentColor;
				CODE_SIGN_ENTITLEMENTS = PoorEngine/PoorEngine.entitlements;
				CODE_SIGN_STYLE = Automatic;
				COMBINE_HIDPI_IMAGES = YES;
				CURRENT_PROJECT_VERSION = 1;
				DEVELOPMENT_ASSET_PATHS = "";
				DEVELOPMENT_TEAM = SJ36XKXSGA;
				ENABLE_HARDENED_RUNTIME = YES;
				ENABLE_PREVIEWS = YES;
				GENERATE_INFOPLIST_FILE = YES;
				INFOPLIST_KEY_NSHumanReadableCopyright = "";
				LD_RUNPATH_SEARCH_PATHS = (
					"$(inherited)",
					"@executable_path/../Frameworks",
				);
				MARKETING_VERSION = 1.0;
				PRODUCT_BUNDLE_IDENTIFIER = com.reubenSun.PoorEngine;
				PRODUCT_NAME = "$(TARGET_NAME)";
				SWIFT_EMIT_LOC_STRINGS = YES;
				SWIFT_OBJC_BRIDGING_HEADER = PoorEngine/Shader/Include/Common.h;
				SWIFT_VERSION = 5.0;
			};
			name = Debug;
		};
		23601529299A80A400926ADB /* Release */ = {
			isa = XCBuildConfiguration;
			buildSettings = {
				ASSETCATALOG_COMPILER_APPICON_NAME = AppIcon;
				ASSETCATALOG_COMPILER_GLOBAL_ACCENT_COLOR_NAME = AccentColor;
				CODE_SIGN_ENTITLEMENTS = PoorEngine/PoorEngine.entitlements;
				CODE_SIGN_STYLE = Automatic;
				COMBINE_HIDPI_IMAGES = YES;
				CURRENT_PROJECT_VERSION = 1;
				DEVELOPMENT_ASSET_PATHS = "";
				DEVELOPMENT_TEAM = SJ36XKXSGA;
				ENABLE_HARDENED_RUNTIME = YES;
				ENABLE_PREVIEWS = YES;
				GENERATE_INFOPLIST_FILE = YES;
				INFOPLIST_KEY_NSHumanReadableCopyright = "";
				LD_RUNPATH_SEARCH_PATHS = (
					"$(inherited)",
					"@executable_path/../Frameworks",
				);
				MARKETING_VERSION = 1.0;
				PRODUCT_BUNDLE_IDENTIFIER = com.reubenSun.PoorEngine;
				PRODUCT_NAME = "$(TARGET_NAME)";
				SWIFT_EMIT_LOC_STRINGS = YES;
				SWIFT_OBJC_BRIDGING_HEADER = PoorEngine/Shader/Include/Common.h;
				SWIFT_VERSION = 5.0;
			};
			name = Release;
		};
/* End XCBuildConfiguration section */

/* Begin XCConfigurationList section */
		23601513299A80A300926ADB /* Build configuration list for PBXProject "PoorEngine" */ = {
			isa = XCConfigurationList;
			buildConfigurations = (
				23601525299A80A400926ADB /* Debug */,
				23601526299A80A400926ADB /* Release */,
			);
			defaultConfigurationIsVisible = 0;
			defaultConfigurationName = Release;
		};
		23601527299A80A400926ADB /* Build configuration list for PBXNativeTarget "PoorEngine" */ = {
			isa = XCConfigurationList;
			buildConfigurations = (
				23601528299A80A400926ADB /* Debug */,
				23601529299A80A400926ADB /* Release */,
			);
			defaultConfigurationIsVisible = 0;
			defaultConfigurationName = Release;
		};
/* End XCConfigurationList section */
	};
	rootObject = 23601510299A80A300926ADB /* Project object */;
}
