// !$*UTF8*$!
{
	archiveVersion = 1;
	classes = {
	};
	objectVersion = 56;
	objects = {

/* Begin PBXBuildFile section */
		2360151C299A80A300926ADB /* PoorEngineApp.swift in Sources */ = {isa = PBXBuildFile; fileRef = 2360151B299A80A300926ADB /* PoorEngineApp.swift */; };
		2360151E299A80A300926ADB /* MainView.swift in Sources */ = {isa = PBXBuildFile; fileRef = 2360151D299A80A300926ADB /* MainView.swift */; };
		23601520299A80A400926ADB /* Assets.xcassets in Resources */ = {isa = PBXBuildFile; fileRef = 2360151F299A80A400926ADB /* Assets.xcassets */; };
		23601531299A839700926ADB /* SceneView.swift in Sources */ = {isa = PBXBuildFile; fileRef = 23601530299A839700926ADB /* SceneView.swift */; };
		23601533299A86D800926ADB /* InspectorView.swift in Sources */ = {isa = PBXBuildFile; fileRef = 23601532299A86D800926ADB /* InspectorView.swift */; };
/* End PBXBuildFile section */

/* Begin PBXFileReference section */
		23601518299A80A300926ADB /* PoorEngine.app */ = {isa = PBXFileReference; explicitFileType = wrapper.application; includeInIndex = 0; path = PoorEngine.app; sourceTree = BUILT_PRODUCTS_DIR; };
		2360151B299A80A300926ADB /* PoorEngineApp.swift */ = {isa = PBXFileReference; lastKnownFileType = sourcecode.swift; path = PoorEngineApp.swift; sourceTree = "<group>"; };
		2360151D299A80A300926ADB /* MainView.swift */ = {isa = PBXFileReference; lastKnownFileType = sourcecode.swift; path = MainView.swift; sourceTree = "<group>"; };
		2360151F299A80A400926ADB /* Assets.xcassets */ = {isa = PBXFileReference; lastKnownFileType = folder.assetcatalog; path = Assets.xcassets; sourceTree = "<group>"; };
		23601524299A80A400926ADB /* PoorEngine.entitlements */ = {isa = PBXFileReference; lastKnownFileType = text.plist.entitlements; path = PoorEngine.entitlements; sourceTree = "<group>"; };
		23601530299A839700926ADB /* SceneView.swift */ = {isa = PBXFileReference; lastKnownFileType = sourcecode.swift; path = SceneView.swift; sourceTree = "<group>"; };
		23601532299A86D800926ADB /* InspectorView.swift */ = {isa = PBXFileReference; lastKnownFileType = sourcecode.swift; path = InspectorView.swift; sourceTree = "<group>"; };
/* End PBXFileReference section */

/* Begin PBXFrameworksBuildPhase section */
		23601515299A80A300926ADB /* Frameworks */ = {
			isa = PBXFrameworksBuildPhase;
			buildActionMask = 2147483647;
			files = (
			);
			runOnlyForDeploymentPostprocessing = 0;
		};
/* End PBXFrameworksBuildPhase section */

/* Begin PBXGroup section */
		2360150F299A80A300926ADB = {
			isa = PBXGroup;
			children = (
				2360151A299A80A300926ADB /* PoorEngine */,
				23601519299A80A300926ADB /* Products */,
			);
			sourceTree = "<group>";
		};
		23601519299A80A300926ADB /* Products */ = {
			isa = PBXGroup;
			children = (
				23601518299A80A300926ADB /* PoorEngine.app */,
			);
			name = Products;
			sourceTree = "<group>";
		};
		2360151A299A80A300926ADB /* PoorEngine */ = {
			isa = PBXGroup;
			children = (
				2360152D299A81AF00926ADB /* Plugins */,
				2360152B299A819900926ADB /* Shader */,
				2360152A299A818D00926ADB /* Source */,
				2360151F299A80A400926ADB /* Assets.xcassets */,
				23601524299A80A400926ADB /* PoorEngine.entitlements */,
			);
			path = PoorEngine;
			sourceTree = "<group>";
		};
		2360152A299A818D00926ADB /* Source */ = {
			isa = PBXGroup;
			children = (
				2360153B299A8A1700926ADB /* Core */,
				23601538299A899E00926ADB /* Framework */,
				23601537299A896A00926ADB /* Physics */,
				23601536299A895B00926ADB /* Input */,
				2360152E299A823100926ADB /* Application */,
				2360152F299A823A00926ADB /* Renderer */,
			);
			path = Source;
			sourceTree = "<group>";
		};
		2360152B299A819900926ADB /* Shader */ = {
			isa = PBXGroup;
			children = (
			);
			path = Shader;
			sourceTree = "<group>";
		};
		2360152D299A81AF00926ADB /* Plugins */ = {
			isa = PBXGroup;
			children = (
			);
			path = Plugins;
			sourceTree = "<group>";
		};
		2360152E299A823100926ADB /* Application */ = {
			isa = PBXGroup;
			children = (
				2360151D299A80A300926ADB /* MainView.swift */,
				2360151B299A80A300926ADB /* PoorEngineApp.swift */,
				23601530299A839700926ADB /* SceneView.swift */,
				23601532299A86D800926ADB /* InspectorView.swift */,
			);
			path = Application;
			sourceTree = "<group>";
		};
		2360152F299A823A00926ADB /* Renderer */ = {
			isa = PBXGroup;
			children = (
				23601535299A891500926ADB /* RenderPass */,
				23601534299A890D00926ADB /* RHI */,
			);
			path = Renderer;
			sourceTree = "<group>";
		};
		23601534299A890D00926ADB /* RHI */ = {
			isa = PBXGroup;
			children = (
			);
			path = RHI;
			sourceTree = "<group>";
		};
		23601535299A891500926ADB /* RenderPass */ = {
			isa = PBXGroup;
			children = (
			);
			path = RenderPass;
			sourceTree = "<group>";
		};
		23601536299A895B00926ADB /* Input */ = {
			isa = PBXGroup;
			children = (
			);
			path = Input;
			sourceTree = "<group>";
		};
		23601537299A896A00926ADB /* Physics */ = {
			isa = PBXGroup;
			children = (
			);
			path = Physics;
			sourceTree = "<group>";
		};
		23601538299A899E00926ADB /* Framework */ = {
			isa = PBXGroup;
			children = (
				2360153A299A89CF00926ADB /* Object */,
				23601539299A89C100926ADB /* Scene */,
			);
			path = Framework;
			sourceTree = "<group>";
		};
		23601539299A89C100926ADB /* Scene */ = {
			isa = PBXGroup;
			children = (
			);
			path = Scene;
			sourceTree = "<group>";
		};
		2360153A299A89CF00926ADB /* Object */ = {
			isa = PBXGroup;
			children = (
			);
			path = Object;
			sourceTree = "<group>";
		};
		2360153B299A8A1700926ADB /* Core */ = {
			isa = PBXGroup;
			children = (
				2360153C299A8A2C00926ADB /* math */,
			);
			path = Core;
			sourceTree = "<group>";
		};
		2360153C299A8A2C00926ADB /* math */ = {
			isa = PBXGroup;
			children = (
			);
			path = math;
			sourceTree = "<group>";
		};
/* End PBXGroup section */

/* Begin PBXNativeTarget section */
		23601517299A80A300926ADB /* PoorEngine */ = {
			isa = PBXNativeTarget;
			buildConfigurationList = 23601527299A80A400926ADB /* Build configuration list for PBXNativeTarget "PoorEngine" */;
			buildPhases = (
				23601514299A80A300926ADB /* Sources */,
				23601515299A80A300926ADB /* Frameworks */,
				23601516299A80A300926ADB /* Resources */,
			);
			buildRules = (
			);
			dependencies = (
			);
			name = PoorEngine;
			productName = PoorEngine;
			productReference = 23601518299A80A300926ADB /* PoorEngine.app */;
			productType = "com.apple.product-type.application";
		};
/* End PBXNativeTarget section */

/* Begin PBXProject section */
		23601510299A80A300926ADB /* Project object */ = {
			isa = PBXProject;
			attributes = {
				BuildIndependentTargetsInParallel = 1;
				LastSwiftUpdateCheck = 1420;
				LastUpgradeCheck = 1420;
				TargetAttributes = {
					23601517299A80A300926ADB = {
						CreatedOnToolsVersion = 14.2;
					};
				};
			};
			buildConfigurationList = 23601513299A80A300926ADB /* Build configuration list for PBXProject "PoorEngine" */;
			compatibilityVersion = "Xcode 14.0";
			developmentRegion = en;
			hasScannedForEncodings = 0;
			knownRegions = (
				en,
				Base,
			);
			mainGroup = 2360150F299A80A300926ADB;
			productRefGroup = 23601519299A80A300926ADB /* Products */;
			projectDirPath = "";
			projectRoot = "";
			targets = (
				23601517299A80A300926ADB /* PoorEngine */,
			);
		};
/* End PBXProject section */

/* Begin PBXResourcesBuildPhase section */
		23601516299A80A300926ADB /* Resources */ = {
			isa = PBXResourcesBuildPhase;
			buildActionMask = 2147483647;
			files = (
				23601520299A80A400926ADB /* Assets.xcassets in Resources */,
			);
			runOnlyForDeploymentPostprocessing = 0;
		};
/* End PBXResourcesBuildPhase section */

/* Begin PBXSourcesBuildPhase section */
		23601514299A80A300926ADB /* Sources */ = {
			isa = PBXSourcesBuildPhase;
			buildActionMask = 2147483647;
			files = (
				23601533299A86D800926ADB /* InspectorView.swift in Sources */,
				2360151E299A80A300926ADB /* MainView.swift in Sources */,
				2360151C299A80A300926ADB /* PoorEngineApp.swift in Sources */,
				23601531299A839700926ADB /* SceneView.swift in Sources */,
			);
			runOnlyForDeploymentPostprocessing = 0;
		};
/* End PBXSourcesBuildPhase section */

/* Begin XCBuildConfiguration section */
		23601525299A80A400926ADB /* Debug */ = {
			isa = XCBuildConfiguration;
			buildSettings = {
				ALWAYS_SEARCH_USER_PATHS = NO;
				CLANG_ANALYZER_NONNULL = YES;
				CLANG_ANALYZER_NUMBER_OBJECT_CONVERSION = YES_AGGRESSIVE;
				CLANG_CXX_LANGUAGE_STANDARD = "gnu++20";
				CLANG_ENABLE_MODULES = YES;
				CLANG_ENABLE_OBJC_ARC = YES;
				CLANG_ENABLE_OBJC_WEAK = YES;
				CLANG_WARN_BLOCK_CAPTURE_AUTORELEASING = YES;
				CLANG_WARN_BOOL_CONVERSION = YES;
				CLANG_WARN_COMMA = YES;
				CLANG_WARN_CONSTANT_CONVERSION = YES;
				CLANG_WARN_DEPRECATED_OBJC_IMPLEMENTATIONS = YES;
				CLANG_WARN_DIRECT_OBJC_ISA_USAGE = YES_ERROR;
				CLANG_WARN_DOCUMENTATION_COMMENTS = YES;
				CLANG_WARN_EMPTY_BODY = YES;
				CLANG_WARN_ENUM_CONVERSION = YES;
				CLANG_WARN_INFINITE_RECURSION = YES;
				CLANG_WARN_INT_CONVERSION = YES;
				CLANG_WARN_NON_LITERAL_NULL_CONVERSION = YES;
				CLANG_WARN_OBJC_IMPLICIT_RETAIN_SELF = YES;
				CLANG_WARN_OBJC_LITERAL_CONVERSION = YES;
				CLANG_WARN_OBJC_ROOT_CLASS = YES_ERROR;
				CLANG_WARN_QUOTED_INCLUDE_IN_FRAMEWORK_HEADER = YES;
				CLANG_WARN_RANGE_LOOP_ANALYSIS = YES;
				CLANG_WARN_STRICT_PROTOTYPES = YES;
				CLANG_WARN_SUSPICIOUS_MOVE = YES;
				CLANG_WARN_UNGUARDED_AVAILABILITY = YES_AGGRESSIVE;
				CLANG_WARN_UNREACHABLE_CODE = YES;
				CLANG_WARN__DUPLICATE_METHOD_MATCH = YES;
				COPY_PHASE_STRIP = NO;
				DEBUG_INFORMATION_FORMAT = dwarf;
				ENABLE_STRICT_OBJC_MSGSEND = YES;
				ENABLE_TESTABILITY = YES;
				GCC_C_LANGUAGE_STANDARD = gnu11;
				GCC_DYNAMIC_NO_PIC = NO;
				GCC_NO_COMMON_BLOCKS = YES;
				GCC_OPTIMIZATION_LEVEL = 0;
				GCC_PREPROCESSOR_DEFINITIONS = (
					"DEBUG=1",
					"$(inherited)",
				);
				GCC_WARN_64_TO_32_BIT_CONVERSION = YES;
				GCC_WARN_ABOUT_RETURN_TYPE = YES_ERROR;
				GCC_WARN_UNDECLARED_SELECTOR = YES;
				GCC_WARN_UNINITIALIZED_AUTOS = YES_AGGRESSIVE;
				GCC_WARN_UNUSED_FUNCTION = YES;
				GCC_WARN_UNUSED_VARIABLE = YES;
				MACOSX_DEPLOYMENT_TARGET = 13.1;
				MTL_ENABLE_DEBUG_INFO = INCLUDE_SOURCE;
				MTL_FAST_MATH = YES;
				ONLY_ACTIVE_ARCH = YES;
				SDKROOT = macosx;
				SWIFT_ACTIVE_COMPILATION_CONDITIONS = DEBUG;
				SWIFT_OPTIMIZATION_LEVEL = "-Onone";
			};
			name = Debug;
		};
		23601526299A80A400926ADB /* Release */ = {
			isa = XCBuildConfiguration;
			buildSettings = {
				ALWAYS_SEARCH_USER_PATHS = NO;
				CLANG_ANALYZER_NONNULL = YES;
				CLANG_ANALYZER_NUMBER_OBJECT_CONVERSION = YES_AGGRESSIVE;
				CLANG_CXX_LANGUAGE_STANDARD = "gnu++20";
				CLANG_ENABLE_MODULES = YES;
				CLANG_ENABLE_OBJC_ARC = YES;
				CLANG_ENABLE_OBJC_WEAK = YES;
				CLANG_WARN_BLOCK_CAPTURE_AUTORELEASING = YES;
				CLANG_WARN_BOOL_CONVERSION = YES;
				CLANG_WARN_COMMA = YES;
				CLANG_WARN_CONSTANT_CONVERSION = YES;
				CLANG_WARN_DEPRECATED_OBJC_IMPLEMENTATIONS = YES;
				CLANG_WARN_DIRECT_OBJC_ISA_USAGE = YES_ERROR;
				CLANG_WARN_DOCUMENTATION_COMMENTS = YES;
				CLANG_WARN_EMPTY_BODY = YES;
				CLANG_WARN_ENUM_CONVERSION = YES;
				CLANG_WARN_INFINITE_RECURSION = YES;
				CLANG_WARN_INT_CONVERSION = YES;
				CLANG_WARN_NON_LITERAL_NULL_CONVERSION = YES;
				CLANG_WARN_OBJC_IMPLICIT_RETAIN_SELF = YES;
				CLANG_WARN_OBJC_LITERAL_CONVERSION = YES;
				CLANG_WARN_OBJC_ROOT_CLASS = YES_ERROR;
				CLANG_WARN_QUOTED_INCLUDE_IN_FRAMEWORK_HEADER = YES;
				CLANG_WARN_RANGE_LOOP_ANALYSIS = YES;
				CLANG_WARN_STRICT_PROTOTYPES = YES;
				CLANG_WARN_SUSPICIOUS_MOVE = YES;
				CLANG_WARN_UNGUARDED_AVAILABILITY = YES_AGGRESSIVE;
				CLANG_WARN_UNREACHABLE_CODE = YES;
				CLANG_WARN__DUPLICATE_METHOD_MATCH = YES;
				COPY_PHASE_STRIP = NO;
				DEBUG_INFORMATION_FORMAT = "dwarf-with-dsym";
				ENABLE_NS_ASSERTIONS = NO;
				ENABLE_STRICT_OBJC_MSGSEND = YES;
				GCC_C_LANGUAGE_STANDARD = gnu11;
				GCC_NO_COMMON_BLOCKS = YES;
				GCC_WARN_64_TO_32_BIT_CONVERSION = YES;
				GCC_WARN_ABOUT_RETURN_TYPE = YES_ERROR;
				GCC_WARN_UNDECLARED_SELECTOR = YES;
				GCC_WARN_UNINITIALIZED_AUTOS = YES_AGGRESSIVE;
				GCC_WARN_UNUSED_FUNCTION = YES;
				GCC_WARN_UNUSED_VARIABLE = YES;
				MACOSX_DEPLOYMENT_TARGET = 13.1;
				MTL_ENABLE_DEBUG_INFO = NO;
				MTL_FAST_MATH = YES;
				SDKROOT = macosx;
				SWIFT_COMPILATION_MODE = wholemodule;
				SWIFT_OPTIMIZATION_LEVEL = "-O";
			};
			name = Release;
		};
		23601528299A80A400926ADB /* Debug */ = {
			isa = XCBuildConfiguration;
			buildSettings = {
				ASSETCATALOG_COMPILER_APPICON_NAME = AppIcon;
				ASSETCATALOG_COMPILER_GLOBAL_ACCENT_COLOR_NAME = AccentColor;
				CODE_SIGN_ENTITLEMENTS = PoorEngine/PoorEngine.entitlements;
				CODE_SIGN_STYLE = Automatic;
				COMBINE_HIDPI_IMAGES = YES;
				CURRENT_PROJECT_VERSION = 1;
				DEVELOPMENT_ASSET_PATHS = "";
				DEVELOPMENT_TEAM = SJ36XKXSGA;
				ENABLE_HARDENED_RUNTIME = YES;
				ENABLE_PREVIEWS = YES;
				GENERATE_INFOPLIST_FILE = YES;
				INFOPLIST_KEY_NSHumanReadableCopyright = "";
				LD_RUNPATH_SEARCH_PATHS = (
					"$(inherited)",
					"@executable_path/../Frameworks",
				);
				MARKETING_VERSION = 1.0;
				PRODUCT_BUNDLE_IDENTIFIER = com.reubenSun.PoorEngine;
				PRODUCT_NAME = "$(TARGET_NAME)";
				SWIFT_EMIT_LOC_STRINGS = YES;
				SWIFT_VERSION = 5.0;
			};
			name = Debug;
		};
		23601529299A80A400926ADB /* Release */ = {
			isa = XCBuildConfiguration;
			buildSettings = {
				ASSETCATALOG_COMPILER_APPICON_NAME = AppIcon;
				ASSETCATALOG_COMPILER_GLOBAL_ACCENT_COLOR_NAME = AccentColor;
				CODE_SIGN_ENTITLEMENTS = PoorEngine/PoorEngine.entitlements;
				CODE_SIGN_STYLE = Automatic;
				COMBINE_HIDPI_IMAGES = YES;
				CURRENT_PROJECT_VERSION = 1;
				DEVELOPMENT_ASSET_PATHS = "";
				DEVELOPMENT_TEAM = SJ36XKXSGA;
				ENABLE_HARDENED_RUNTIME = YES;
				ENABLE_PREVIEWS = YES;
				GENERATE_INFOPLIST_FILE = YES;
				INFOPLIST_KEY_NSHumanReadableCopyright = "";
				LD_RUNPATH_SEARCH_PATHS = (
					"$(inherited)",
					"@executable_path/../Frameworks",
				);
				MARKETING_VERSION = 1.0;
				PRODUCT_BUNDLE_IDENTIFIER = com.reubenSun.PoorEngine;
				PRODUCT_NAME = "$(TARGET_NAME)";
				SWIFT_EMIT_LOC_STRINGS = YES;
				SWIFT_VERSION = 5.0;
			};
			name = Release;
		};
/* End XCBuildConfiguration section */

/* Begin XCConfigurationList section */
		23601513299A80A300926ADB /* Build configuration list for PBXProject "PoorEngine" */ = {
			isa = XCConfigurationList;
			buildConfigurations = (
				23601525299A80A400926ADB /* Debug */,
				23601526299A80A400926ADB /* Release */,
			);
			defaultConfigurationIsVisible = 0;
			defaultConfigurationName = Release;
		};
		23601527299A80A400926ADB /* Build configuration list for PBXNativeTarget "PoorEngine" */ = {
			isa = XCConfigurationList;
			buildConfigurations = (
				23601528299A80A400926ADB /* Debug */,
				23601529299A80A400926ADB /* Release */,
			);
			defaultConfigurationIsVisible = 0;
			defaultConfigurationName = Release;
		};
/* End XCConfigurationList section */
	};
	rootObject = 23601510299A80A300926ADB /* Project object */;
}
